// !$*UTF8*$!
{
	archiveVersion = 1;
	classes = {
	};
	objectVersion = 48;
	objects = {

/* Begin PBXBuildFile section */
		794F4809EC79F298995BC121 /* Pods_checkmateTests.framework in Frameworks */ = {isa = PBXBuildFile; fileRef = 65F22072240561F9A2F2A53A /* Pods_checkmateTests.framework */; };
		875FA4DA85D5FD5C006EB462 /* Pods_checkmateUITests.framework in Frameworks */ = {isa = PBXBuildFile; fileRef = 57DA2F370B3A8E6A224DA7D0 /* Pods_checkmateUITests.framework */; };
		BEB37C20E05E9599FE6EB964 /* Pods_checkmate.framework in Frameworks */ = {isa = PBXBuildFile; fileRef = 99CEC460F91C923AFB603D37 /* Pods_checkmate.framework */; };
		C814F4C01FC525AB00306B42 /* SignUpStep2ViewController.swift in Sources */ = {isa = PBXBuildFile; fileRef = C814F4BE1FC525A700306B42 /* SignUpStep2ViewController.swift */; };
		C86A332F1FB9662A00352600 /* AppDelegate.swift in Sources */ = {isa = PBXBuildFile; fileRef = C86A332E1FB9662A00352600 /* AppDelegate.swift */; };
		C86A33311FB9662A00352600 /* WelcomeScreenViewController.swift in Sources */ = {isa = PBXBuildFile; fileRef = C86A33301FB9662A00352600 /* WelcomeScreenViewController.swift */; };
		C86A33341FB9662A00352600 /* Main.storyboard in Resources */ = {isa = PBXBuildFile; fileRef = C86A33321FB9662A00352600 /* Main.storyboard */; };
		C86A33361FB9662A00352600 /* Assets.xcassets in Resources */ = {isa = PBXBuildFile; fileRef = C86A33351FB9662A00352600 /* Assets.xcassets */; };
		C86A33391FB9662A00352600 /* LaunchScreen.storyboard in Resources */ = {isa = PBXBuildFile; fileRef = C86A33371FB9662A00352600 /* LaunchScreen.storyboard */; };
		C86A33441FB9662A00352600 /* checkmateTests.swift in Sources */ = {isa = PBXBuildFile; fileRef = C86A33431FB9662A00352600 /* checkmateTests.swift */; };
		C86A334F1FB9662A00352600 /* checkmateUITests.swift in Sources */ = {isa = PBXBuildFile; fileRef = C86A334E1FB9662A00352600 /* checkmateUITests.swift */; };
		C86A335D1FB9671000352600 /* GoogleService-Info.plist in Resources */ = {isa = PBXBuildFile; fileRef = C86A335C1FB9671000352600 /* GoogleService-Info.plist */; };
		C8ECD2251FCFBA1200063A33 /* SignInViewController.swift in Sources */ = {isa = PBXBuildFile; fileRef = C8ECD2241FCFBA1200063A33 /* SignInViewController.swift */; };
		C8ECD2271FCFBBD900063A33 /* SignUpStep1ViewController.swift in Sources */ = {isa = PBXBuildFile; fileRef = C8ECD2261FCFBBD900063A33 /* SignUpStep1ViewController.swift */; };
		C8ECD2291FCFDA5900063A33 /* userProfileViewController.swift in Sources */ = {isa = PBXBuildFile; fileRef = C8ECD2281FCFDA5900063A33 /* userProfileViewController.swift */; };
		C8ECD22B1FCFDAB600063A33 /* userSettingsViewController.swift in Sources */ = {isa = PBXBuildFile; fileRef = C8ECD22A1FCFDAB600063A33 /* userSettingsViewController.swift */; };
		C8ECD22D1FCFDB5E00063A33 /* checkHistoryViewController.swift in Sources */ = {isa = PBXBuildFile; fileRef = C8ECD22C1FCFDB5E00063A33 /* checkHistoryViewController.swift */; };
/* End PBXBuildFile section */

/* Begin PBXContainerItemProxy section */
		C86A33401FB9662A00352600 /* PBXContainerItemProxy */ = {
			isa = PBXContainerItemProxy;
			containerPortal = C86A33231FB9662A00352600 /* Project object */;
			proxyType = 1;
			remoteGlobalIDString = C86A332A1FB9662A00352600;
			remoteInfo = checkmate;
		};
		C86A334B1FB9662A00352600 /* PBXContainerItemProxy */ = {
			isa = PBXContainerItemProxy;
			containerPortal = C86A33231FB9662A00352600 /* Project object */;
			proxyType = 1;
			remoteGlobalIDString = C86A332A1FB9662A00352600;
			remoteInfo = checkmate;
		};
/* End PBXContainerItemProxy section */

/* Begin PBXFileReference section */
		086338DB75BE614F9561B937 /* Pods-checkmateUITests.debug.xcconfig */ = {isa = PBXFileReference; includeInIndex = 1; lastKnownFileType = text.xcconfig; name = "Pods-checkmateUITests.debug.xcconfig"; path = "Pods/Target Support Files/Pods-checkmateUITests/Pods-checkmateUITests.debug.xcconfig"; sourceTree = "<group>"; };
		3ABAD617B1D6F2F683F8C0EC /* Pods-checkmate.debug.xcconfig */ = {isa = PBXFileReference; includeInIndex = 1; lastKnownFileType = text.xcconfig; name = "Pods-checkmate.debug.xcconfig"; path = "Pods/Target Support Files/Pods-checkmate/Pods-checkmate.debug.xcconfig"; sourceTree = "<group>"; };
		579D42FAA1B6580A7B260928 /* Pods-checkmateUITests.release.xcconfig */ = {isa = PBXFileReference; includeInIndex = 1; lastKnownFileType = text.xcconfig; name = "Pods-checkmateUITests.release.xcconfig"; path = "Pods/Target Support Files/Pods-checkmateUITests/Pods-checkmateUITests.release.xcconfig"; sourceTree = "<group>"; };
		57DA2F370B3A8E6A224DA7D0 /* Pods_checkmateUITests.framework */ = {isa = PBXFileReference; explicitFileType = wrapper.framework; includeInIndex = 0; path = Pods_checkmateUITests.framework; sourceTree = BUILT_PRODUCTS_DIR; };
		65F22072240561F9A2F2A53A /* Pods_checkmateTests.framework */ = {isa = PBXFileReference; explicitFileType = wrapper.framework; includeInIndex = 0; path = Pods_checkmateTests.framework; sourceTree = BUILT_PRODUCTS_DIR; };
		99CEC460F91C923AFB603D37 /* Pods_checkmate.framework */ = {isa = PBXFileReference; explicitFileType = wrapper.framework; includeInIndex = 0; path = Pods_checkmate.framework; sourceTree = BUILT_PRODUCTS_DIR; };
		BAC2F656C8034B2B93C08389 /* Pods-checkmateTests.debug.xcconfig */ = {isa = PBXFileReference; includeInIndex = 1; lastKnownFileType = text.xcconfig; name = "Pods-checkmateTests.debug.xcconfig"; path = "Pods/Target Support Files/Pods-checkmateTests/Pods-checkmateTests.debug.xcconfig"; sourceTree = "<group>"; };
		C814F4BE1FC525A700306B42 /* SignUpStep2ViewController.swift */ = {isa = PBXFileReference; lastKnownFileType = sourcecode.swift; path = SignUpStep2ViewController.swift; sourceTree = "<group>"; };
		C86A332B1FB9662A00352600 /* checkmate.app */ = {isa = PBXFileReference; explicitFileType = wrapper.application; includeInIndex = 0; path = checkmate.app; sourceTree = BUILT_PRODUCTS_DIR; };
		C86A332E1FB9662A00352600 /* AppDelegate.swift */ = {isa = PBXFileReference; lastKnownFileType = sourcecode.swift; path = AppDelegate.swift; sourceTree = "<group>"; };
		C86A33301FB9662A00352600 /* WelcomeScreenViewController.swift */ = {isa = PBXFileReference; lastKnownFileType = sourcecode.swift; path = WelcomeScreenViewController.swift; sourceTree = "<group>"; };
		C86A33331FB9662A00352600 /* Base */ = {isa = PBXFileReference; lastKnownFileType = file.storyboard; name = Base; path = Base.lproj/Main.storyboard; sourceTree = "<group>"; };
		C86A33351FB9662A00352600 /* Assets.xcassets */ = {isa = PBXFileReference; lastKnownFileType = folder.assetcatalog; path = Assets.xcassets; sourceTree = "<group>"; };
		C86A33381FB9662A00352600 /* Base */ = {isa = PBXFileReference; lastKnownFileType = file.storyboard; name = Base; path = Base.lproj/LaunchScreen.storyboard; sourceTree = "<group>"; };
		C86A333A1FB9662A00352600 /* Info.plist */ = {isa = PBXFileReference; lastKnownFileType = text.plist.xml; path = Info.plist; sourceTree = "<group>"; };
		C86A333F1FB9662A00352600 /* checkmateTests.xctest */ = {isa = PBXFileReference; explicitFileType = wrapper.cfbundle; includeInIndex = 0; path = checkmateTests.xctest; sourceTree = BUILT_PRODUCTS_DIR; };
		C86A33431FB9662A00352600 /* checkmateTests.swift */ = {isa = PBXFileReference; lastKnownFileType = sourcecode.swift; path = checkmateTests.swift; sourceTree = "<group>"; };
		C86A33451FB9662A00352600 /* Info.plist */ = {isa = PBXFileReference; lastKnownFileType = text.plist.xml; path = Info.plist; sourceTree = "<group>"; };
		C86A334A1FB9662A00352600 /* checkmateUITests.xctest */ = {isa = PBXFileReference; explicitFileType = wrapper.cfbundle; includeInIndex = 0; path = checkmateUITests.xctest; sourceTree = BUILT_PRODUCTS_DIR; };
		C86A334E1FB9662A00352600 /* checkmateUITests.swift */ = {isa = PBXFileReference; lastKnownFileType = sourcecode.swift; path = checkmateUITests.swift; sourceTree = "<group>"; };
		C86A33501FB9662A00352600 /* Info.plist */ = {isa = PBXFileReference; lastKnownFileType = text.plist.xml; path = Info.plist; sourceTree = "<group>"; };
		C86A335C1FB9671000352600 /* GoogleService-Info.plist */ = {isa = PBXFileReference; fileEncoding = 4; lastKnownFileType = text.plist.xml; path = "GoogleService-Info.plist"; sourceTree = "<group>"; };
		C8ECD2241FCFBA1200063A33 /* SignInViewController.swift */ = {isa = PBXFileReference; lastKnownFileType = sourcecode.swift; path = SignInViewController.swift; sourceTree = "<group>"; };
		C8ECD2261FCFBBD900063A33 /* SignUpStep1ViewController.swift */ = {isa = PBXFileReference; lastKnownFileType = sourcecode.swift; path = SignUpStep1ViewController.swift; sourceTree = "<group>"; };
		C8ECD2281FCFDA5900063A33 /* userProfileViewController.swift */ = {isa = PBXFileReference; lastKnownFileType = sourcecode.swift; path = userProfileViewController.swift; sourceTree = "<group>"; };
		C8ECD22A1FCFDAB600063A33 /* userSettingsViewController.swift */ = {isa = PBXFileReference; lastKnownFileType = sourcecode.swift; path = userSettingsViewController.swift; sourceTree = "<group>"; };
		C8ECD22C1FCFDB5E00063A33 /* checkHistoryViewController.swift */ = {isa = PBXFileReference; lastKnownFileType = sourcecode.swift; path = checkHistoryViewController.swift; sourceTree = "<group>"; };
		EAF055013C58E9C13721ED26 /* Pods-checkmateTests.release.xcconfig */ = {isa = PBXFileReference; includeInIndex = 1; lastKnownFileType = text.xcconfig; name = "Pods-checkmateTests.release.xcconfig"; path = "Pods/Target Support Files/Pods-checkmateTests/Pods-checkmateTests.release.xcconfig"; sourceTree = "<group>"; };
		ECF8FFEF5410084824330827 /* Pods-checkmate.release.xcconfig */ = {isa = PBXFileReference; includeInIndex = 1; lastKnownFileType = text.xcconfig; name = "Pods-checkmate.release.xcconfig"; path = "Pods/Target Support Files/Pods-checkmate/Pods-checkmate.release.xcconfig"; sourceTree = "<group>"; };
/* End PBXFileReference section */

/* Begin PBXFrameworksBuildPhase section */
		C86A33281FB9662A00352600 /* Frameworks */ = {
			isa = PBXFrameworksBuildPhase;
			buildActionMask = 2147483647;
			files = (
				BEB37C20E05E9599FE6EB964 /* Pods_checkmate.framework in Frameworks */,
			);
			runOnlyForDeploymentPostprocessing = 0;
		};
		C86A333C1FB9662A00352600 /* Frameworks */ = {
			isa = PBXFrameworksBuildPhase;
			buildActionMask = 2147483647;
			files = (
				794F4809EC79F298995BC121 /* Pods_checkmateTests.framework in Frameworks */,
			);
			runOnlyForDeploymentPostprocessing = 0;
		};
		C86A33471FB9662A00352600 /* Frameworks */ = {
			isa = PBXFrameworksBuildPhase;
			buildActionMask = 2147483647;
			files = (
				875FA4DA85D5FD5C006EB462 /* Pods_checkmateUITests.framework in Frameworks */,
			);
			runOnlyForDeploymentPostprocessing = 0;
		};
/* End PBXFrameworksBuildPhase section */

/* Begin PBXGroup section */
		2974F0B50AE720CDA4D8D7DC /* Frameworks */ = {
			isa = PBXGroup;
			children = (
				99CEC460F91C923AFB603D37 /* Pods_checkmate.framework */,
				65F22072240561F9A2F2A53A /* Pods_checkmateTests.framework */,
				57DA2F370B3A8E6A224DA7D0 /* Pods_checkmateUITests.framework */,
			);
			name = Frameworks;
			sourceTree = "<group>";
		};
		B66C533FFADFC40F5460A071 /* Pods */ = {
			isa = PBXGroup;
			children = (
				3ABAD617B1D6F2F683F8C0EC /* Pods-checkmate.debug.xcconfig */,
				ECF8FFEF5410084824330827 /* Pods-checkmate.release.xcconfig */,
				BAC2F656C8034B2B93C08389 /* Pods-checkmateTests.debug.xcconfig */,
				EAF055013C58E9C13721ED26 /* Pods-checkmateTests.release.xcconfig */,
				086338DB75BE614F9561B937 /* Pods-checkmateUITests.debug.xcconfig */,
				579D42FAA1B6580A7B260928 /* Pods-checkmateUITests.release.xcconfig */,
			);
			name = Pods;
			sourceTree = "<group>";
		};
		C804A7B11FB9715C00F7DF6D /* View Controller */ = {
			isa = PBXGroup;
			children = (
				C8ECD22C1FCFDB5E00063A33 /* checkHistoryViewController.swift */,
				C8ECD22A1FCFDAB600063A33 /* userSettingsViewController.swift */,
				C8ECD2281FCFDA5900063A33 /* userProfileViewController.swift */,
				C8ECD2241FCFBA1200063A33 /* SignInViewController.swift */,
				C8ECD2261FCFBBD900063A33 /* SignUpStep1ViewController.swift */,
				C814F4BE1FC525A700306B42 /* SignUpStep2ViewController.swift */,
				C86A33301FB9662A00352600 /* WelcomeScreenViewController.swift */,
			);
			path = "View Controller";
			sourceTree = "<group>";
		};
		C804A7B21FB9718E00F7DF6D /* App Utilites */ = {
			isa = PBXGroup;
			children = (
				C86A332E1FB9662A00352600 /* AppDelegate.swift */,
			);
			path = "App Utilites";
			sourceTree = "<group>";
		};
		C804A7B31FB971C500F7DF6D /* Model */ = {
			isa = PBXGroup;
			children = (
			);
			path = Model;
			sourceTree = "<group>";
		};
		C86A33221FB9662A00352600 = {
			isa = PBXGroup;
			children = (
				C86A332D1FB9662A00352600 /* checkmate */,
				C86A33421FB9662A00352600 /* checkmateTests */,
				C86A334D1FB9662A00352600 /* checkmateUITests */,
				C86A332C1FB9662A00352600 /* Products */,
				B66C533FFADFC40F5460A071 /* Pods */,
				2974F0B50AE720CDA4D8D7DC /* Frameworks */,
			);
			sourceTree = "<group>";
		};
		C86A332C1FB9662A00352600 /* Products */ = {
			isa = PBXGroup;
			children = (
				C86A332B1FB9662A00352600 /* checkmate.app */,
				C86A333F1FB9662A00352600 /* checkmateTests.xctest */,
				C86A334A1FB9662A00352600 /* checkmateUITests.xctest */,
			);
			name = Products;
			sourceTree = "<group>";
		};
		C86A332D1FB9662A00352600 /* checkmate */ = {
			isa = PBXGroup;
			children = (
				C804A7B31FB971C500F7DF6D /* Model */,
				C804A7B21FB9718E00F7DF6D /* App Utilites */,
				C86A33321FB9662A00352600 /* Main.storyboard */,
				C86A33351FB9662A00352600 /* Assets.xcassets */,
				C804A7B11FB9715C00F7DF6D /* View Controller */,
				C86A33371FB9662A00352600 /* LaunchScreen.storyboard */,
				C86A333A1FB9662A00352600 /* Info.plist */,
				C86A335C1FB9671000352600 /* GoogleService-Info.plist */,
			);
			path = checkmate;
			sourceTree = "<group>";
		};
		C86A33421FB9662A00352600 /* checkmateTests */ = {
			isa = PBXGroup;
			children = (
				C86A33431FB9662A00352600 /* checkmateTests.swift */,
				C86A33451FB9662A00352600 /* Info.plist */,
			);
			path = checkmateTests;
			sourceTree = "<group>";
		};
		C86A334D1FB9662A00352600 /* checkmateUITests */ = {
			isa = PBXGroup;
			children = (
				C86A334E1FB9662A00352600 /* checkmateUITests.swift */,
				C86A33501FB9662A00352600 /* Info.plist */,
			);
			path = checkmateUITests;
			sourceTree = "<group>";
		};
/* End PBXGroup section */

/* Begin PBXNativeTarget section */
		C86A332A1FB9662A00352600 /* checkmate */ = {
			isa = PBXNativeTarget;
			buildConfigurationList = C86A33531FB9662A00352600 /* Build configuration list for PBXNativeTarget "checkmate" */;
			buildPhases = (
				06E0ABAFA60FC82F32B17028 /* [CP] Check Pods Manifest.lock */,
				C86A33271FB9662A00352600 /* Sources */,
				C86A33281FB9662A00352600 /* Frameworks */,
				C86A33291FB9662A00352600 /* Resources */,
				CEC88090CFFB794D35F96134 /* [CP] Embed Pods Frameworks */,
				D023752CF57A0135B3948A90 /* [CP] Copy Pods Resources */,
			);
			buildRules = (
			);
			dependencies = (
			);
			name = checkmate;
			productName = checkmate;
			productReference = C86A332B1FB9662A00352600 /* checkmate.app */;
			productType = "com.apple.product-type.application";
		};
		C86A333E1FB9662A00352600 /* checkmateTests */ = {
			isa = PBXNativeTarget;
			buildConfigurationList = C86A33561FB9662A00352600 /* Build configuration list for PBXNativeTarget "checkmateTests" */;
			buildPhases = (
				0F872F8DF85F8A31CACDC04B /* [CP] Check Pods Manifest.lock */,
				C86A333B1FB9662A00352600 /* Sources */,
				C86A333C1FB9662A00352600 /* Frameworks */,
				C86A333D1FB9662A00352600 /* Resources */,
				593E4EB497E00BB673A74A23 /* [CP] Embed Pods Frameworks */,
				D7FA6F6672B158836245ED01 /* [CP] Copy Pods Resources */,
			);
			buildRules = (
			);
			dependencies = (
				C86A33411FB9662A00352600 /* PBXTargetDependency */,
			);
			name = checkmateTests;
			productName = checkmateTests;
			productReference = C86A333F1FB9662A00352600 /* checkmateTests.xctest */;
			productType = "com.apple.product-type.bundle.unit-test";
		};
		C86A33491FB9662A00352600 /* checkmateUITests */ = {
			isa = PBXNativeTarget;
			buildConfigurationList = C86A33591FB9662A00352600 /* Build configuration list for PBXNativeTarget "checkmateUITests" */;
			buildPhases = (
				EFD2D9F9CD1BDAE72BBFA8D1 /* [CP] Check Pods Manifest.lock */,
				C86A33461FB9662A00352600 /* Sources */,
				C86A33471FB9662A00352600 /* Frameworks */,
				C86A33481FB9662A00352600 /* Resources */,
				8D8E5656FDB1DB9AAD9676FD /* [CP] Embed Pods Frameworks */,
				3481CACA364A04CE35B6B293 /* [CP] Copy Pods Resources */,
			);
			buildRules = (
			);
			dependencies = (
				C86A334C1FB9662A00352600 /* PBXTargetDependency */,
			);
			name = checkmateUITests;
			productName = checkmateUITests;
			productReference = C86A334A1FB9662A00352600 /* checkmateUITests.xctest */;
			productType = "com.apple.product-type.bundle.ui-testing";
		};
/* End PBXNativeTarget section */

/* Begin PBXProject section */
		C86A33231FB9662A00352600 /* Project object */ = {
			isa = PBXProject;
			attributes = {
				LastSwiftUpdateCheck = 0910;
				LastUpgradeCheck = 0910;
				ORGANIZATIONNAME = "Divi Kumar";
				TargetAttributes = {
					C86A332A1FB9662A00352600 = {
						CreatedOnToolsVersion = 9.1;
						ProvisioningStyle = Automatic;
					};
					C86A333E1FB9662A00352600 = {
						CreatedOnToolsVersion = 9.1;
						ProvisioningStyle = Automatic;
						TestTargetID = C86A332A1FB9662A00352600;
					};
					C86A33491FB9662A00352600 = {
						CreatedOnToolsVersion = 9.1;
						ProvisioningStyle = Automatic;
						TestTargetID = C86A332A1FB9662A00352600;
					};
				};
			};
			buildConfigurationList = C86A33261FB9662A00352600 /* Build configuration list for PBXProject "checkmate" */;
			compatibilityVersion = "Xcode 8.0";
			developmentRegion = en;
			hasScannedForEncodings = 0;
			knownRegions = (
				en,
				Base,
			);
			mainGroup = C86A33221FB9662A00352600;
			productRefGroup = C86A332C1FB9662A00352600 /* Products */;
			projectDirPath = "";
			projectRoot = "";
			targets = (
				C86A332A1FB9662A00352600 /* checkmate */,
				C86A333E1FB9662A00352600 /* checkmateTests */,
				C86A33491FB9662A00352600 /* checkmateUITests */,
			);
		};
/* End PBXProject section */

/* Begin PBXResourcesBuildPhase section */
		C86A33291FB9662A00352600 /* Resources */ = {
			isa = PBXResourcesBuildPhase;
			buildActionMask = 2147483647;
			files = (
				C86A33391FB9662A00352600 /* LaunchScreen.storyboard in Resources */,
				C86A33361FB9662A00352600 /* Assets.xcassets in Resources */,
				C86A335D1FB9671000352600 /* GoogleService-Info.plist in Resources */,
				C86A33341FB9662A00352600 /* Main.storyboard in Resources */,
			);
			runOnlyForDeploymentPostprocessing = 0;
		};
		C86A333D1FB9662A00352600 /* Resources */ = {
			isa = PBXResourcesBuildPhase;
			buildActionMask = 2147483647;
			files = (
			);
			runOnlyForDeploymentPostprocessing = 0;
		};
		C86A33481FB9662A00352600 /* Resources */ = {
			isa = PBXResourcesBuildPhase;
			buildActionMask = 2147483647;
			files = (
			);
			runOnlyForDeploymentPostprocessing = 0;
		};
/* End PBXResourcesBuildPhase section */

/* Begin PBXShellScriptBuildPhase section */
		06E0ABAFA60FC82F32B17028 /* [CP] Check Pods Manifest.lock */ = {
			isa = PBXShellScriptBuildPhase;
			buildActionMask = 2147483647;
			files = (
			);
			inputPaths = (
				"${PODS_PODFILE_DIR_PATH}/Podfile.lock",
				"${PODS_ROOT}/Manifest.lock",
			);
			name = "[CP] Check Pods Manifest.lock";
			outputPaths = (
				"$(DERIVED_FILE_DIR)/Pods-checkmate-checkManifestLockResult.txt",
			);
			runOnlyForDeploymentPostprocessing = 0;
			shellPath = /bin/sh;
			shellScript = "diff \"${PODS_PODFILE_DIR_PATH}/Podfile.lock\" \"${PODS_ROOT}/Manifest.lock\" > /dev/null\nif [ $? != 0 ] ; then\n    # print error to STDERR\n    echo \"error: The sandbox is not in sync with the Podfile.lock. Run 'pod install' or update your CocoaPods installation.\" >&2\n    exit 1\nfi\n# This output is used by Xcode 'outputs' to avoid re-running this script phase.\necho \"SUCCESS\" > \"${SCRIPT_OUTPUT_FILE_0}\"\n";
			showEnvVarsInLog = 0;
		};
		0F872F8DF85F8A31CACDC04B /* [CP] Check Pods Manifest.lock */ = {
			isa = PBXShellScriptBuildPhase;
			buildActionMask = 2147483647;
			files = (
			);
			inputPaths = (
				"${PODS_PODFILE_DIR_PATH}/Podfile.lock",
				"${PODS_ROOT}/Manifest.lock",
			);
			name = "[CP] Check Pods Manifest.lock";
			outputPaths = (
				"$(DERIVED_FILE_DIR)/Pods-checkmateTests-checkManifestLockResult.txt",
			);
			runOnlyForDeploymentPostprocessing = 0;
			shellPath = /bin/sh;
			shellScript = "diff \"${PODS_PODFILE_DIR_PATH}/Podfile.lock\" \"${PODS_ROOT}/Manifest.lock\" > /dev/null\nif [ $? != 0 ] ; then\n    # print error to STDERR\n    echo \"error: The sandbox is not in sync with the Podfile.lock. Run 'pod install' or update your CocoaPods installation.\" >&2\n    exit 1\nfi\n# This output is used by Xcode 'outputs' to avoid re-running this script phase.\necho \"SUCCESS\" > \"${SCRIPT_OUTPUT_FILE_0}\"\n";
			showEnvVarsInLog = 0;
		};
		3481CACA364A04CE35B6B293 /* [CP] Copy Pods Resources */ = {
			isa = PBXShellScriptBuildPhase;
			buildActionMask = 2147483647;
			files = (
			);
			inputPaths = (
			);
			name = "[CP] Copy Pods Resources";
			outputPaths = (
			);
			runOnlyForDeploymentPostprocessing = 0;
			shellPath = /bin/sh;
			shellScript = "\"${SRCROOT}/Pods/Target Support Files/Pods-checkmateUITests/Pods-checkmateUITests-resources.sh\"\n";
			showEnvVarsInLog = 0;
		};
		593E4EB497E00BB673A74A23 /* [CP] Embed Pods Frameworks */ = {
			isa = PBXShellScriptBuildPhase;
			buildActionMask = 2147483647;
			files = (
			);
			inputPaths = (
			);
			name = "[CP] Embed Pods Frameworks";
			outputPaths = (
			);
			runOnlyForDeploymentPostprocessing = 0;
			shellPath = /bin/sh;
			shellScript = "\"${SRCROOT}/Pods/Target Support Files/Pods-checkmateTests/Pods-checkmateTests-frameworks.sh\"\n";
			showEnvVarsInLog = 0;
		};
		8D8E5656FDB1DB9AAD9676FD /* [CP] Embed Pods Frameworks */ = {
			isa = PBXShellScriptBuildPhase;
			buildActionMask = 2147483647;
			files = (
			);
			inputPaths = (
			);
			name = "[CP] Embed Pods Frameworks";
			outputPaths = (
			);
			runOnlyForDeploymentPostprocessing = 0;
			shellPath = /bin/sh;
			shellScript = "\"${SRCROOT}/Pods/Target Support Files/Pods-checkmateUITests/Pods-checkmateUITests-frameworks.sh\"\n";
			showEnvVarsInLog = 0;
		};
		CEC88090CFFB794D35F96134 /* [CP] Embed Pods Frameworks */ = {
			isa = PBXShellScriptBuildPhase;
			buildActionMask = 2147483647;
			files = (
			);
			inputPaths = (
				"${SRCROOT}/Pods/Target Support Files/Pods-checkmate/Pods-checkmate-frameworks.sh",
				"${BUILT_PRODUCTS_DIR}/ChameleonFramework/ChameleonFramework.framework",
				"${BUILT_PRODUCTS_DIR}/GTMSessionFetcher/GTMSessionFetcher.framework",
				"${BUILT_PRODUCTS_DIR}/GoogleToolboxForMac/GoogleToolboxForMac.framework",
				"${BUILT_PRODUCTS_DIR}/leveldb-library/leveldb.framework",
				"${BUILT_PRODUCTS_DIR}/nanopb/nanopb.framework",
			);
			name = "[CP] Embed Pods Frameworks";
			outputPaths = (
				"${TARGET_BUILD_DIR}/${FRAMEWORKS_FOLDER_PATH}/ChameleonFramework.framework",
				"${TARGET_BUILD_DIR}/${FRAMEWORKS_FOLDER_PATH}/GTMSessionFetcher.framework",
				"${TARGET_BUILD_DIR}/${FRAMEWORKS_FOLDER_PATH}/GoogleToolboxForMac.framework",
				"${TARGET_BUILD_DIR}/${FRAMEWORKS_FOLDER_PATH}/leveldb.framework",
				"${TARGET_BUILD_DIR}/${FRAMEWORKS_FOLDER_PATH}/nanopb.framework",
			);
			runOnlyForDeploymentPostprocessing = 0;
			shellPath = /bin/sh;
			shellScript = "\"${SRCROOT}/Pods/Target Support Files/Pods-checkmate/Pods-checkmate-frameworks.sh\"\n";
			showEnvVarsInLog = 0;
		};
		D023752CF57A0135B3948A90 /* [CP] Copy Pods Resources */ = {
			isa = PBXShellScriptBuildPhase;
			buildActionMask = 2147483647;
			files = (
			);
			inputPaths = (
			);
			name = "[CP] Copy Pods Resources";
			outputPaths = (
			);
			runOnlyForDeploymentPostprocessing = 0;
			shellPath = /bin/sh;
			shellScript = "\"${SRCROOT}/Pods/Target Support Files/Pods-checkmate/Pods-checkmate-resources.sh\"\n";
			showEnvVarsInLog = 0;
		};
		D7FA6F6672B158836245ED01 /* [CP] Copy Pods Resources */ = {
			isa = PBXShellScriptBuildPhase;
			buildActionMask = 2147483647;
			files = (
			);
			inputPaths = (
			);
			name = "[CP] Copy Pods Resources";
			outputPaths = (
			);
			runOnlyForDeploymentPostprocessing = 0;
			shellPath = /bin/sh;
			shellScript = "\"${SRCROOT}/Pods/Target Support Files/Pods-checkmateTests/Pods-checkmateTests-resources.sh\"\n";
			showEnvVarsInLog = 0;
		};
		EFD2D9F9CD1BDAE72BBFA8D1 /* [CP] Check Pods Manifest.lock */ = {
			isa = PBXShellScriptBuildPhase;
			buildActionMask = 2147483647;
			files = (
			);
			inputPaths = (
				"${PODS_PODFILE_DIR_PATH}/Podfile.lock",
				"${PODS_ROOT}/Manifest.lock",
			);
			name = "[CP] Check Pods Manifest.lock";
			outputPaths = (
				"$(DERIVED_FILE_DIR)/Pods-checkmateUITests-checkManifestLockResult.txt",
			);
			runOnlyForDeploymentPostprocessing = 0;
			shellPath = /bin/sh;
			shellScript = "diff \"${PODS_PODFILE_DIR_PATH}/Podfile.lock\" \"${PODS_ROOT}/Manifest.lock\" > /dev/null\nif [ $? != 0 ] ; then\n    # print error to STDERR\n    echo \"error: The sandbox is not in sync with the Podfile.lock. Run 'pod install' or update your CocoaPods installation.\" >&2\n    exit 1\nfi\n# This output is used by Xcode 'outputs' to avoid re-running this script phase.\necho \"SUCCESS\" > \"${SCRIPT_OUTPUT_FILE_0}\"\n";
			showEnvVarsInLog = 0;
		};
/* End PBXShellScriptBuildPhase section */

/* Begin PBXSourcesBuildPhase section */
		C86A33271FB9662A00352600 /* Sources */ = {
			isa = PBXSourcesBuildPhase;
			buildActionMask = 2147483647;
			files = (
				C8ECD22B1FCFDAB600063A33 /* userSettingsViewController.swift in Sources */,
				C814F4C01FC525AB00306B42 /* SignUpStep2ViewController.swift in Sources */,
				C8ECD2291FCFDA5900063A33 /* userProfileViewController.swift in Sources */,
				C86A33311FB9662A00352600 /* WelcomeScreenViewController.swift in Sources */,
				C8ECD22D1FCFDB5E00063A33 /* checkHistoryViewController.swift in Sources */,
				C8ECD2251FCFBA1200063A33 /* SignInViewController.swift in Sources */,
				C8ECD2271FCFBBD900063A33 /* SignUpStep1ViewController.swift in Sources */,
				C86A332F1FB9662A00352600 /* AppDelegate.swift in Sources */,
			);
			runOnlyForDeploymentPostprocessing = 0;
		};
		C86A333B1FB9662A00352600 /* Sources */ = {
			isa = PBXSourcesBuildPhase;
			buildActionMask = 2147483647;
			files = (
				C86A33441FB9662A00352600 /* checkmateTests.swift in Sources */,
			);
			runOnlyForDeploymentPostprocessing = 0;
		};
		C86A33461FB9662A00352600 /* Sources */ = {
			isa = PBXSourcesBuildPhase;
			buildActionMask = 2147483647;
			files = (
				C86A334F1FB9662A00352600 /* checkmateUITests.swift in Sources */,
			);
			runOnlyForDeploymentPostprocessing = 0;
		};
/* End PBXSourcesBuildPhase section */

/* Begin PBXTargetDependency section */
		C86A33411FB9662A00352600 /* PBXTargetDependency */ = {
			isa = PBXTargetDependency;
			target = C86A332A1FB9662A00352600 /* checkmate */;
			targetProxy = C86A33401FB9662A00352600 /* PBXContainerItemProxy */;
		};
		C86A334C1FB9662A00352600 /* PBXTargetDependency */ = {
			isa = PBXTargetDependency;
			target = C86A332A1FB9662A00352600 /* checkmate */;
			targetProxy = C86A334B1FB9662A00352600 /* PBXContainerItemProxy */;
		};
/* End PBXTargetDependency section */

/* Begin PBXVariantGroup section */
		C86A33321FB9662A00352600 /* Main.storyboard */ = {
			isa = PBXVariantGroup;
			children = (
				C86A33331FB9662A00352600 /* Base */,
			);
			name = Main.storyboard;
			sourceTree = "<group>";
		};
		C86A33371FB9662A00352600 /* LaunchScreen.storyboard */ = {
			isa = PBXVariantGroup;
			children = (
				C86A33381FB9662A00352600 /* Base */,
			);
			name = LaunchScreen.storyboard;
			sourceTree = "<group>";
		};
/* End PBXVariantGroup section */

/* Begin XCBuildConfiguration section */
		C86A33511FB9662A00352600 /* Debug */ = {
			isa = XCBuildConfiguration;
			buildSettings = {
				ALWAYS_SEARCH_USER_PATHS = NO;
				CLANG_ANALYZER_NONNULL = YES;
				CLANG_ANALYZER_NUMBER_OBJECT_CONVERSION = YES_AGGRESSIVE;
				CLANG_CXX_LANGUAGE_STANDARD = "gnu++14";
				CLANG_CXX_LIBRARY = "libc++";
				CLANG_ENABLE_MODULES = YES;
				CLANG_ENABLE_OBJC_ARC = YES;
				CLANG_WARN_BLOCK_CAPTURE_AUTORELEASING = YES;
				CLANG_WARN_BOOL_CONVERSION = YES;
				CLANG_WARN_COMMA = YES;
				CLANG_WARN_CONSTANT_CONVERSION = YES;
				CLANG_WARN_DIRECT_OBJC_ISA_USAGE = YES_ERROR;
				CLANG_WARN_DOCUMENTATION_COMMENTS = YES;
				CLANG_WARN_EMPTY_BODY = YES;
				CLANG_WARN_ENUM_CONVERSION = YES;
				CLANG_WARN_INFINITE_RECURSION = YES;
				CLANG_WARN_INT_CONVERSION = YES;
				CLANG_WARN_NON_LITERAL_NULL_CONVERSION = YES;
				CLANG_WARN_OBJC_LITERAL_CONVERSION = YES;
				CLANG_WARN_OBJC_ROOT_CLASS = YES_ERROR;
				CLANG_WARN_RANGE_LOOP_ANALYSIS = YES;
				CLANG_WARN_STRICT_PROTOTYPES = YES;
				CLANG_WARN_SUSPICIOUS_MOVE = YES;
				CLANG_WARN_UNGUARDED_AVAILABILITY = YES_AGGRESSIVE;
				CLANG_WARN_UNREACHABLE_CODE = YES;
				CLANG_WARN__DUPLICATE_METHOD_MATCH = YES;
				CODE_SIGN_IDENTITY = "iPhone Developer";
				COPY_PHASE_STRIP = NO;
				DEBUG_INFORMATION_FORMAT = dwarf;
				ENABLE_STRICT_OBJC_MSGSEND = YES;
				ENABLE_TESTABILITY = YES;
				GCC_C_LANGUAGE_STANDARD = gnu11;
				GCC_DYNAMIC_NO_PIC = NO;
				GCC_NO_COMMON_BLOCKS = YES;
				GCC_OPTIMIZATION_LEVEL = 0;
				GCC_PREPROCESSOR_DEFINITIONS = (
					"DEBUG=1",
					"$(inherited)",
				);
				GCC_WARN_64_TO_32_BIT_CONVERSION = YES;
				GCC_WARN_ABOUT_RETURN_TYPE = YES_ERROR;
				GCC_WARN_UNDECLARED_SELECTOR = YES;
				GCC_WARN_UNINITIALIZED_AUTOS = YES_AGGRESSIVE;
				GCC_WARN_UNUSED_FUNCTION = YES;
				GCC_WARN_UNUSED_VARIABLE = YES;
				IPHONEOS_DEPLOYMENT_TARGET = 11.1;
				MTL_ENABLE_DEBUG_INFO = YES;
				ONLY_ACTIVE_ARCH = YES;
				SDKROOT = iphoneos;
				SWIFT_ACTIVE_COMPILATION_CONDITIONS = DEBUG;
				SWIFT_OPTIMIZATION_LEVEL = "-Onone";
			};
			name = Debug;
		};
		C86A33521FB9662A00352600 /* Release */ = {
			isa = XCBuildConfiguration;
			buildSettings = {
				ALWAYS_SEARCH_USER_PATHS = NO;
				CLANG_ANALYZER_NONNULL = YES;
				CLANG_ANALYZER_NUMBER_OBJECT_CONVERSION = YES_AGGRESSIVE;
				CLANG_CXX_LANGUAGE_STANDARD = "gnu++14";
				CLANG_CXX_LIBRARY = "libc++";
				CLANG_ENABLE_MODULES = YES;
				CLANG_ENABLE_OBJC_ARC = YES;
				CLANG_WARN_BLOCK_CAPTURE_AUTORELEASING = YES;
				CLANG_WARN_BOOL_CONVERSION = YES;
				CLANG_WARN_COMMA = YES;
				CLANG_WARN_CONSTANT_CONVERSION = YES;
				CLANG_WARN_DIRECT_OBJC_ISA_USAGE = YES_ERROR;
				CLANG_WARN_DOCUMENTATION_COMMENTS = YES;
				CLANG_WARN_EMPTY_BODY = YES;
				CLANG_WARN_ENUM_CONVERSION = YES;
				CLANG_WARN_INFINITE_RECURSION = YES;
				CLANG_WARN_INT_CONVERSION = YES;
				CLANG_WARN_NON_LITERAL_NULL_CONVERSION = YES;
				CLANG_WARN_OBJC_LITERAL_CONVERSION = YES;
				CLANG_WARN_OBJC_ROOT_CLASS = YES_ERROR;
				CLANG_WARN_RANGE_LOOP_ANALYSIS = YES;
				CLANG_WARN_STRICT_PROTOTYPES = YES;
				CLANG_WARN_SUSPICIOUS_MOVE = YES;
				CLANG_WARN_UNGUARDED_AVAILABILITY = YES_AGGRESSIVE;
				CLANG_WARN_UNREACHABLE_CODE = YES;
				CLANG_WARN__DUPLICATE_METHOD_MATCH = YES;
				CODE_SIGN_IDENTITY = "iPhone Developer";
				COPY_PHASE_STRIP = NO;
				DEBUG_INFORMATION_FORMAT = "dwarf-with-dsym";
				ENABLE_NS_ASSERTIONS = NO;
				ENABLE_STRICT_OBJC_MSGSEND = YES;
				GCC_C_LANGUAGE_STANDARD = gnu11;
				GCC_NO_COMMON_BLOCKS = YES;
				GCC_WARN_64_TO_32_BIT_CONVERSION = YES;
				GCC_WARN_ABOUT_RETURN_TYPE = YES_ERROR;
				GCC_WARN_UNDECLARED_SELECTOR = YES;
				GCC_WARN_UNINITIALIZED_AUTOS = YES_AGGRESSIVE;
				GCC_WARN_UNUSED_FUNCTION = YES;
				GCC_WARN_UNUSED_VARIABLE = YES;
				IPHONEOS_DEPLOYMENT_TARGET = 11.1;
				MTL_ENABLE_DEBUG_INFO = NO;
				SDKROOT = iphoneos;
				SWIFT_OPTIMIZATION_LEVEL = "-Owholemodule";
				VALIDATE_PRODUCT = YES;
			};
			name = Release;
		};
		C86A33541FB9662A00352600 /* Debug */ = {
			isa = XCBuildConfiguration;
			baseConfigurationReference = 3ABAD617B1D6F2F683F8C0EC /* Pods-checkmate.debug.xcconfig */;
			buildSettings = {
				ASSETCATALOG_COMPILER_APPICON_NAME = AppIcon;
				CODE_SIGN_STYLE = Automatic;
				DEVELOPMENT_TEAM = 9GUT564572;
				INFOPLIST_FILE = checkmate/Info.plist;
				IPHONEOS_DEPLOYMENT_TARGET = 11.1;
				LD_RUNPATH_SEARCH_PATHS = "$(inherited) @executable_path/Frameworks";
				PRODUCT_BUNDLE_IDENTIFIER = com.checkmate.checkmate;
				PRODUCT_NAME = "$(TARGET_NAME)";
				SWIFT_VERSION = 4.0;
				TARGETED_DEVICE_FAMILY = "1,2";
			};
			name = Debug;
		};
		C86A33551FB9662A00352600 /* Release */ = {
			isa = XCBuildConfiguration;
			baseConfigurationReference = ECF8FFEF5410084824330827 /* Pods-checkmate.release.xcconfig */;
			buildSettings = {
				ASSETCATALOG_COMPILER_APPICON_NAME = AppIcon;
				CODE_SIGN_STYLE = Automatic;
				DEVELOPMENT_TEAM = 9GUT564572;
				INFOPLIST_FILE = checkmate/Info.plist;
				IPHONEOS_DEPLOYMENT_TARGET = 11.1;
				LD_RUNPATH_SEARCH_PATHS = "$(inherited) @executable_path/Frameworks";
				PRODUCT_BUNDLE_IDENTIFIER = com.checkmate.checkmate;
				PRODUCT_NAME = "$(TARGET_NAME)";
				SWIFT_VERSION = 4.0;
				TARGETED_DEVICE_FAMILY = "1,2";
			};
			name = Release;
		};
		C86A33571FB9662A00352600 /* Debug */ = {
			isa = XCBuildConfiguration;
			baseConfigurationReference = BAC2F656C8034B2B93C08389 /* Pods-checkmateTests.debug.xcconfig */;
			buildSettings = {
				ALWAYS_EMBED_SWIFT_STANDARD_LIBRARIES = YES;
				BUNDLE_LOADER = "$(TEST_HOST)";
				CODE_SIGN_STYLE = Automatic;
				DEVELOPMENT_TEAM = 9GUT564572;
				INFOPLIST_FILE = checkmateTests/Info.plist;
				LD_RUNPATH_SEARCH_PATHS = "$(inherited) @executable_path/Frameworks @loader_path/Frameworks";
				PRODUCT_BUNDLE_IDENTIFIER = com.checkmate.checkmateTests;
				PRODUCT_NAME = "$(TARGET_NAME)";
				SWIFT_VERSION = 4.0;
				TARGETED_DEVICE_FAMILY = "1,2";
				TEST_HOST = "$(BUILT_PRODUCTS_DIR)/checkmate.app/checkmate";
			};
			name = Debug;
		};
		C86A33581FB9662A00352600 /* Release */ = {
			isa = XCBuildConfiguration;
			baseConfigurationReference = EAF055013C58E9C13721ED26 /* Pods-checkmateTests.release.xcconfig */;
			buildSettings = {
				ALWAYS_EMBED_SWIFT_STANDARD_LIBRARIES = YES;
				BUNDLE_LOADER = "$(TEST_HOST)";
				CODE_SIGN_STYLE = Automatic;
				DEVELOPMENT_TEAM = 9GUT564572;
				INFOPLIST_FILE = checkmateTests/Info.plist;
				LD_RUNPATH_SEARCH_PATHS = "$(inherited) @executable_path/Frameworks @loader_path/Frameworks";
				PRODUCT_BUNDLE_IDENTIFIER = com.checkmate.checkmateTests;
				PRODUCT_NAME = "$(TARGET_NAME)";
				SWIFT_VERSION = 4.0;
				TARGETED_DEVICE_FAMILY = "1,2";
				TEST_HOST = "$(BUILT_PRODUCTS_DIR)/checkmate.app/checkmate";
			};
			name = Release;
		};
		C86A335A1FB9662A00352600 /* Debug */ = {
			isa = XCBuildConfiguration;
			baseConfigurationReference = 086338DB75BE614F9561B937 /* Pods-checkmateUITests.debug.xcconfig */;
			buildSettings = {
				ALWAYS_EMBED_SWIFT_STANDARD_LIBRARIES = YES;
				CODE_SIGN_STYLE = Automatic;
				DEVELOPMENT_TEAM = 9GUT564572;
				INFOPLIST_FILE = checkmateUITests/Info.plist;
				LD_RUNPATH_SEARCH_PATHS = "$(inherited) @executable_path/Frameworks @loader_path/Frameworks";
				PRODUCT_BUNDLE_IDENTIFIER = com.checkmate.checkmateUITests;
				PRODUCT_NAME = "$(TARGET_NAME)";
				SWIFT_VERSION = 4.0;
				TARGETED_DEVICE_FAMILY = "1,2";
				TEST_TARGET_NAME = checkmate;
			};
			name = Debug;
		};
		C86A335B1FB9662A00352600 /* Release */ = {
			isa = XCBuildConfiguration;
			baseConfigurationReference = 579D42FAA1B6580A7B260928 /* Pods-checkmateUITests.release.xcconfig */;
			buildSettings = {
				ALWAYS_EMBED_SWIFT_STANDARD_LIBRARIES = YES;
				CODE_SIGN_STYLE = Automatic;
				DEVELOPMENT_TEAM = 9GUT564572;
				INFOPLIST_FILE = checkmateUITests/Info.plist;
				LD_RUNPATH_SEARCH_PATHS = "$(inherited) @executable_path/Frameworks @loader_path/Frameworks";
				PRODUCT_BUNDLE_IDENTIFIER = com.checkmate.checkmateUITests;
				PRODUCT_NAME = "$(TARGET_NAME)";
				SWIFT_VERSION = 4.0;
				TARGETED_DEVICE_FAMILY = "1,2";
				TEST_TARGET_NAME = checkmate;
			};
			name = Release;
		};
/* End XCBuildConfiguration section */

/* Begin XCConfigurationList section */
		C86A33261FB9662A00352600 /* Build configuration list for PBXProject "checkmate" */ = {
			isa = XCConfigurationList;
			buildConfigurations = (
				C86A33511FB9662A00352600 /* Debug */,
				C86A33521FB9662A00352600 /* Release */,
			);
			defaultConfigurationIsVisible = 0;
			defaultConfigurationName = Release;
		};
		C86A33531FB9662A00352600 /* Build configuration list for PBXNativeTarget "checkmate" */ = {
			isa = XCConfigurationList;
			buildConfigurations = (
				C86A33541FB9662A00352600 /* Debug */,
				C86A33551FB9662A00352600 /* Release */,
			);
			defaultConfigurationIsVisible = 0;
			defaultConfigurationName = Release;
		};
		C86A33561FB9662A00352600 /* Build configuration list for PBXNativeTarget "checkmateTests" */ = {
			isa = XCConfigurationList;
			buildConfigurations = (
				C86A33571FB9662A00352600 /* Debug */,
				C86A33581FB9662A00352600 /* Release */,
			);
			defaultConfigurationIsVisible = 0;
			defaultConfigurationName = Release;
		};
		C86A33591FB9662A00352600 /* Build configuration list for PBXNativeTarget "checkmateUITests" */ = {
			isa = XCConfigurationList;
			buildConfigurations = (
				C86A335A1FB9662A00352600 /* Debug */,
				C86A335B1FB9662A00352600 /* Release */,
			);
			defaultConfigurationIsVisible = 0;
			defaultConfigurationName = Release;
		};
/* End XCConfigurationList section */
	};
	rootObject = C86A33231FB9662A00352600 /* Project object */;
}
